
Microsoft Visual Studio Solution File, Format Version 12.00
# Visual Studio Version 16
VisualStudioVersion = 16.0.30413.136
MinimumVisualStudioVersion = 10.0.40219.1
Project("{FAE04EC0-301F-11D3-BF4B-00C04F79EFBC}") = "C20 Ex01 BarFrimet 313175176", "C20 Ex01 BarFrimet 313175176\C20 Ex01 BarFrimet 313175176.csproj", "{1EBA6730-369A-4C06-AE73-6EDABA31E58A}"
EndProject
Global
	GlobalSection(SolutionConfigurationPlatforms) = preSolution
		Debug|Any CPU = Debug|Any CPU
		Release|Any CPU = Release|Any CPU
	EndGlobalSection
	GlobalSection(ProjectConfigurationPlatforms) = postSolution
		{1EBA6730-369A-4C06-AE73-6EDABA31E58A}.Debug|Any CPU.ActiveCfg = Debug|Any CPU
		{1EBA6730-369A-4C06-AE73-6EDABA31E58A}.Debug|Any CPU.Build.0 = Debug|Any CPU
		{1EBA6730-369A-4C06-AE73-6EDABA31E58A}.Release|Any CPU.ActiveCfg = Release|Any CPU
		{1EBA6730-369A-4C06-AE73-6EDABA31E58A}.Release|Any CPU.Build.0 = Release|Any CPU
	EndGlobalSection
	GlobalSection(SolutionProperties) = preSolution
		HideSolutionNode = FALSE
	EndGlobalSection
	GlobalSection(ExtensibilityGlobals) = postSolution
		SolutionGuid = {27931F0E-5266-461E-91CF-C2B7AA9A8E0C}
	EndGlobalSection
EndGlobal
