
Microsoft Visual Studio Solution File, Format Version 12.00
# Visual Studio Version 16
VisualStudioVersion = 16.0.30413.136
MinimumVisualStudioVersion = 10.0.40219.1
Project("{9A19103F-16F7-4668-BE54-9A1E7A4F7556}") = "Space Invaders Game", "C20 Ex01 BarFrimet 313175176\Space Invaders Game.csproj", "{1EBA6730-369A-4C06-AE73-6EDABA31E58A}"
EndProject
Project("{2150E333-8FDC-42A3-9474-1A3956D46DE8}") = "Solution Items", "Solution Items", "{AD3CDB74-CF6F-4B89-8FB2-C94F8336F5A2}"
	ProjectSection(SolutionItems) = preProject
		Ex01 Checking Report.txt = Ex01 Checking Report.txt
	EndProjectSection
EndProject
Global
	GlobalSection(SolutionConfigurationPlatforms) = preSolution
		Debug|Any CPU = Debug|Any CPU
		Release|Any CPU = Release|Any CPU
	EndGlobalSection
	GlobalSection(ProjectConfigurationPlatforms) = postSolution
		{1EBA6730-369A-4C06-AE73-6EDABA31E58A}.Debug|Any CPU.ActiveCfg = Debug|Any CPU
		{1EBA6730-369A-4C06-AE73-6EDABA31E58A}.Debug|Any CPU.Build.0 = Debug|Any CPU
		{1EBA6730-369A-4C06-AE73-6EDABA31E58A}.Release|Any CPU.ActiveCfg = Release|Any CPU
		{1EBA6730-369A-4C06-AE73-6EDABA31E58A}.Release|Any CPU.Build.0 = Release|Any CPU
	EndGlobalSection
	GlobalSection(SolutionProperties) = preSolution
		HideSolutionNode = FALSE
	EndGlobalSection
	GlobalSection(ExtensibilityGlobals) = postSolution
		SolutionGuid = {27931F0E-5266-461E-91CF-C2B7AA9A8E0C}
	EndGlobalSection
EndGlobal
